
Microsoft Visual Studio Solution File, Format Version 12.00
# Visual Studio 15
VisualStudioVersion = 15.0.26730.12
MinimumVisualStudioVersion = 10.0.40219.1
Project("{FAE04EC0-301F-11D3-BF4B-00C04F79EFBC}") = "WPFDialogSample", "WPFDialogSample.csproj", "{837E1F0A-9592-43DB-A717-A371877C528F}"
EndProject
Project("{2150E333-8FDC-42A3-9474-1A3956D46DE8}") = "LocusCommon", "LocusCommon", "{A557CF38-067F-49B7-9F64-4A302906266D}"
EndProject
Project("{FAE04EC0-301F-11D3-BF4B-00C04F79EFBC}") = "LocusCommon.Net461", "LocusCommon\LocusCommon.Net461\LocusCommon.Net461.csproj", "{01CD7061-A424-41F0-A85F-CEB808CAFBA9}"
EndProject
Global
	GlobalSection(SolutionConfigurationPlatforms) = preSolution
		Debug|Any CPU = Debug|Any CPU
		Release|Any CPU = Release|Any CPU
	EndGlobalSection
	GlobalSection(ProjectConfigurationPlatforms) = postSolution
		{837E1F0A-9592-43DB-A717-A371877C528F}.Debug|Any CPU.ActiveCfg = Debug|Any CPU
		{837E1F0A-9592-43DB-A717-A371877C528F}.Debug|Any CPU.Build.0 = Debug|Any CPU
		{837E1F0A-9592-43DB-A717-A371877C528F}.Release|Any CPU.ActiveCfg = Release|Any CPU
		{837E1F0A-9592-43DB-A717-A371877C528F}.Release|Any CPU.Build.0 = Release|Any CPU
		{01CD7061-A424-41F0-A85F-CEB808CAFBA9}.Debug|Any CPU.ActiveCfg = Debug|Any CPU
		{01CD7061-A424-41F0-A85F-CEB808CAFBA9}.Debug|Any CPU.Build.0 = Debug|Any CPU
		{01CD7061-A424-41F0-A85F-CEB808CAFBA9}.Release|Any CPU.ActiveCfg = Release|Any CPU
		{01CD7061-A424-41F0-A85F-CEB808CAFBA9}.Release|Any CPU.Build.0 = Release|Any CPU
	EndGlobalSection
	GlobalSection(SolutionProperties) = preSolution
		HideSolutionNode = FALSE
	EndGlobalSection
	GlobalSection(ExtensibilityGlobals) = postSolution
		SolutionGuid = {21771507-17DA-4E52-8CC2-89AA9037DA49}
	EndGlobalSection
EndGlobal
